
Microsoft Visual Studio Solution File, Format Version 12.00
# Visual Studio Version 16
VisualStudioVersion = 16.0.30413.136
MinimumVisualStudioVersion = 10.0.40219.1
Project("{8BC9CEB8-8B4A-11D0-8D11-00A0C91BC942}") = "SFMLFramwork", "SFMLFramwork\SFMLFramwork.vcxproj", "{3469F886-C96C-4F2D-A456-C2CC7C935B71}"
EndProject
Global
	GlobalSection(SolutionConfigurationPlatforms) = preSolution
		Debug|x64 = Debug|x64
		Debug|x86 = Debug|x86
		Release|x64 = Release|x64
		Release|x86 = Release|x86
	EndGlobalSection
	GlobalSection(ProjectConfigurationPlatforms) = postSolution
		{3469F886-C96C-4F2D-A456-C2CC7C935B71}.Debug|x64.ActiveCfg = Debug|x64
		{3469F886-C96C-4F2D-A456-C2CC7C935B71}.Debug|x64.Build.0 = Debug|x64
		{3469F886-C96C-4F2D-A456-C2CC7C935B71}.Debug|x86.ActiveCfg = Debug|Win32
		{3469F886-C96C-4F2D-A456-C2CC7C935B71}.Debug|x86.Build.0 = Debug|Win32
		{3469F886-C96C-4F2D-A456-C2CC7C935B71}.Release|x64.ActiveCfg = Release|x64
		{3469F886-C96C-4F2D-A456-C2CC7C935B71}.Release|x64.Build.0 = Release|x64
		{3469F886-C96C-4F2D-A456-C2CC7C935B71}.Release|x86.ActiveCfg = Release|Win32
		{3469F886-C96C-4F2D-A456-C2CC7C935B71}.Release|x86.Build.0 = Release|Win32
	EndGlobalSection
	GlobalSection(SolutionProperties) = preSolution
		HideSolutionNode = FALSE
	EndGlobalSection
	GlobalSection(ExtensibilityGlobals) = postSolution
		SolutionGuid = {DC02BFCC-1DFB-431B-A27F-FC0C2DDDF016}
	EndGlobalSection
EndGlobal
